
Microsoft Visual Studio Solution File, Format Version 12.00
Project("{FAE04EC0-301F-11D3-BF4B-00C04F79EFBC}") = "Algorithms", "src\Algorithms\Algorithms.csproj", "{FC41A8D7-6D4D-4E1A-9421-CDF6C699B42C}"
EndProject
Project("{FAE04EC0-301F-11D3-BF4B-00C04F79EFBC}") = "DataStructures", "src\DataStructures\DataStructures.csproj", "{3C8A11DD-656E-4D7B-B7D5-A2E46725C004}"
EndProject
Project("{FAE04EC0-301F-11D3-BF4B-00C04F79EFBC}") = "Algorithms.Tests", "tests\Algorithms.Tests\Algorithms.Tests.csproj", "{0A5CFDAD-6835-4B3F-85C8-6C32CF3B8908}"
EndProject
Project("{FAE04EC0-301F-11D3-BF4B-00C04F79EFBC}") = "DataStructures.Tests", "tests\DataStructures.Tests\DataStructures.Tests.csproj", "{FD054C56-3E93-4A96-ADD2-E4591561A919}"
EndProject
Global
	GlobalSection(SolutionConfigurationPlatforms) = preSolution
		Debug|Any CPU = Debug|Any CPU
		Release|Any CPU = Release|Any CPU
	EndGlobalSection
	GlobalSection(NestedProjects) = preSolution
	EndGlobalSection
	GlobalSection(ProjectConfigurationPlatforms) = postSolution
		{FC41A8D7-6D4D-4E1A-9421-CDF6C699B42C}.Debug|Any CPU.ActiveCfg = Debug|Any CPU
		{FC41A8D7-6D4D-4E1A-9421-CDF6C699B42C}.Debug|Any CPU.Build.0 = Debug|Any CPU
		{FC41A8D7-6D4D-4E1A-9421-CDF6C699B42C}.Release|Any CPU.ActiveCfg = Release|Any CPU
		{FC41A8D7-6D4D-4E1A-9421-CDF6C699B42C}.Release|Any CPU.Build.0 = Release|Any CPU
		{3C8A11DD-656E-4D7B-B7D5-A2E46725C004}.Debug|Any CPU.ActiveCfg = Debug|Any CPU
		{3C8A11DD-656E-4D7B-B7D5-A2E46725C004}.Debug|Any CPU.Build.0 = Debug|Any CPU
		{3C8A11DD-656E-4D7B-B7D5-A2E46725C004}.Release|Any CPU.ActiveCfg = Release|Any CPU
		{3C8A11DD-656E-4D7B-B7D5-A2E46725C004}.Release|Any CPU.Build.0 = Release|Any CPU
		{0A5CFDAD-6835-4B3F-85C8-6C32CF3B8908}.Debug|Any CPU.ActiveCfg = Debug|Any CPU
		{0A5CFDAD-6835-4B3F-85C8-6C32CF3B8908}.Debug|Any CPU.Build.0 = Debug|Any CPU
		{0A5CFDAD-6835-4B3F-85C8-6C32CF3B8908}.Release|Any CPU.ActiveCfg = Release|Any CPU
		{0A5CFDAD-6835-4B3F-85C8-6C32CF3B8908}.Release|Any CPU.Build.0 = Release|Any CPU
		{FD054C56-3E93-4A96-ADD2-E4591561A919}.Debug|Any CPU.ActiveCfg = Debug|Any CPU
		{FD054C56-3E93-4A96-ADD2-E4591561A919}.Debug|Any CPU.Build.0 = Debug|Any CPU
		{FD054C56-3E93-4A96-ADD2-E4591561A919}.Release|Any CPU.ActiveCfg = Release|Any CPU
		{FD054C56-3E93-4A96-ADD2-E4591561A919}.Release|Any CPU.Build.0 = Release|Any CPU
	EndGlobalSection
EndGlobal
